
Microsoft Visual Studio Solution File, Format Version 12.00
Project("{FAE04EC0-301F-11D3-BF4B-00C04F79EFBC}") = "AniSharp.Console", "AniSharp.Console\AniSharp.Console.csproj", "{DA4299ED-E750-4E6F-AD81-8456F121D221}"
EndProject
Global
	GlobalSection(SolutionConfigurationPlatforms) = preSolution
		Debug|Any CPU = Debug|Any CPU
		Release|Any CPU = Release|Any CPU
	EndGlobalSection
	GlobalSection(ProjectConfigurationPlatforms) = postSolution
		{DA4299ED-E750-4E6F-AD81-8456F121D221}.Debug|Any CPU.ActiveCfg = Debug|Any CPU
		{DA4299ED-E750-4E6F-AD81-8456F121D221}.Debug|Any CPU.Build.0 = Debug|Any CPU
		{DA4299ED-E750-4E6F-AD81-8456F121D221}.Release|Any CPU.ActiveCfg = Release|Any CPU
		{DA4299ED-E750-4E6F-AD81-8456F121D221}.Release|Any CPU.Build.0 = Release|Any CPU
	EndGlobalSection
EndGlobal
